// !$*UTF8*$!
{
	archiveVersion = 1;
	classes = {
	};
	objectVersion = 50;
	objects = {

/* Begin PBXBuildFile section */
		B70EB6422266EB8000AF52D6 /* AppDelegate.swift in Sources */ = {isa = PBXBuildFile; fileRef = B70EB6412266EB8000AF52D6 /* AppDelegate.swift */; };
		B70EB6442266EB8000AF52D6 /* ViewController.swift in Sources */ = {isa = PBXBuildFile; fileRef = B70EB6432266EB8000AF52D6 /* ViewController.swift */; };
		B70EB6472266EB8000AF52D6 /* Main.storyboard in Resources */ = {isa = PBXBuildFile; fileRef = B70EB6452266EB8000AF52D6 /* Main.storyboard */; };
		B70EB6492266EB8100AF52D6 /* Assets.xcassets in Resources */ = {isa = PBXBuildFile; fileRef = B70EB6482266EB8100AF52D6 /* Assets.xcassets */; };
		B70EB64C2266EB8100AF52D6 /* LaunchScreen.storyboard in Resources */ = {isa = PBXBuildFile; fileRef = B70EB64A2266EB8100AF52D6 /* LaunchScreen.storyboard */; };
		B70EB6572266EB8100AF52D6 /* hw2_horoscpopeTests.swift in Sources */ = {isa = PBXBuildFile; fileRef = B70EB6562266EB8100AF52D6 /* hw2_horoscpopeTests.swift */; };
		B70EB6622266EB8100AF52D6 /* hw2_horoscpopeUITests.swift in Sources */ = {isa = PBXBuildFile; fileRef = B70EB6612266EB8100AF52D6 /* hw2_horoscpopeUITests.swift */; };
/* End PBXBuildFile section */

/* Begin PBXContainerItemProxy section */
		B70EB6532266EB8100AF52D6 /* PBXContainerItemProxy */ = {
			isa = PBXContainerItemProxy;
			containerPortal = B70EB6362266EB8000AF52D6 /* Project object */;
			proxyType = 1;
			remoteGlobalIDString = B70EB63D2266EB8000AF52D6;
			remoteInfo = hw2_horoscpope;
		};
		B70EB65E2266EB8100AF52D6 /* PBXContainerItemProxy */ = {
			isa = PBXContainerItemProxy;
			containerPortal = B70EB6362266EB8000AF52D6 /* Project object */;
			proxyType = 1;
			remoteGlobalIDString = B70EB63D2266EB8000AF52D6;
			remoteInfo = hw2_horoscpope;
		};
/* End PBXContainerItemProxy section */

/* Begin PBXFileReference section */
		B70EB63E2266EB8000AF52D6 /* hw2_horoscpope.app */ = {isa = PBXFileReference; explicitFileType = wrapper.application; includeInIndex = 0; path = hw2_horoscpope.app; sourceTree = BUILT_PRODUCTS_DIR; };
		B70EB6412266EB8000AF52D6 /* AppDelegate.swift */ = {isa = PBXFileReference; lastKnownFileType = sourcecode.swift; path = AppDelegate.swift; sourceTree = "<group>"; };
		B70EB6432266EB8000AF52D6 /* ViewController.swift */ = {isa = PBXFileReference; lastKnownFileType = sourcecode.swift; path = ViewController.swift; sourceTree = "<group>"; };
		B70EB6462266EB8000AF52D6 /* Base */ = {isa = PBXFileReference; lastKnownFileType = file.storyboard; name = Base; path = Base.lproj/Main.storyboard; sourceTree = "<group>"; };
		B70EB6482266EB8100AF52D6 /* Assets.xcassets */ = {isa = PBXFileReference; lastKnownFileType = folder.assetcatalog; path = Assets.xcassets; sourceTree = "<group>"; };
		B70EB64B2266EB8100AF52D6 /* Base */ = {isa = PBXFileReference; lastKnownFileType = file.storyboard; name = Base; path = Base.lproj/LaunchScreen.storyboard; sourceTree = "<group>"; };
		B70EB64D2266EB8100AF52D6 /* Info.plist */ = {isa = PBXFileReference; lastKnownFileType = text.plist.xml; path = Info.plist; sourceTree = "<group>"; };
		B70EB6522266EB8100AF52D6 /* hw2_horoscpopeTests.xctest */ = {isa = PBXFileReference; explicitFileType = wrapper.cfbundle; includeInIndex = 0; path = hw2_horoscpopeTests.xctest; sourceTree = BUILT_PRODUCTS_DIR; };
		B70EB6562266EB8100AF52D6 /* hw2_horoscpopeTests.swift */ = {isa = PBXFileReference; lastKnownFileType = sourcecode.swift; path = hw2_horoscpopeTests.swift; sourceTree = "<group>"; };
		B70EB6582266EB8100AF52D6 /* Info.plist */ = {isa = PBXFileReference; lastKnownFileType = text.plist.xml; path = Info.plist; sourceTree = "<group>"; };
		B70EB65D2266EB8100AF52D6 /* hw2_horoscpopeUITests.xctest */ = {isa = PBXFileReference; explicitFileType = wrapper.cfbundle; includeInIndex = 0; path = hw2_horoscpopeUITests.xctest; sourceTree = BUILT_PRODUCTS_DIR; };
		B70EB6612266EB8100AF52D6 /* hw2_horoscpopeUITests.swift */ = {isa = PBXFileReference; lastKnownFileType = sourcecode.swift; path = hw2_horoscpopeUITests.swift; sourceTree = "<group>"; };
		B70EB6632266EB8100AF52D6 /* Info.plist */ = {isa = PBXFileReference; lastKnownFileType = text.plist.xml; path = Info.plist; sourceTree = "<group>"; };
/* End PBXFileReference section */

/* Begin PBXFrameworksBuildPhase section */
		B70EB63B2266EB8000AF52D6 /* Frameworks */ = {
			isa = PBXFrameworksBuildPhase;
			buildActionMask = 2147483647;
			files = (
			);
			runOnlyForDeploymentPostprocessing = 0;
		};
		B70EB64F2266EB8100AF52D6 /* Frameworks */ = {
			isa = PBXFrameworksBuildPhase;
			buildActionMask = 2147483647;
			files = (
			);
			runOnlyForDeploymentPostprocessing = 0;
		};
		B70EB65A2266EB8100AF52D6 /* Frameworks */ = {
			isa = PBXFrameworksBuildPhase;
			buildActionMask = 2147483647;
			files = (
			);
			runOnlyForDeploymentPostprocessing = 0;
		};
/* End PBXFrameworksBuildPhase section */

/* Begin PBXGroup section */
		B70EB6352266EB8000AF52D6 = {
			isa = PBXGroup;
			children = (
				B70EB6402266EB8000AF52D6 /* hw2_horoscpope */,
				B70EB6552266EB8100AF52D6 /* hw2_horoscpopeTests */,
				B70EB6602266EB8100AF52D6 /* hw2_horoscpopeUITests */,
				B70EB63F2266EB8000AF52D6 /* Products */,
			);
			sourceTree = "<group>";
		};
		B70EB63F2266EB8000AF52D6 /* Products */ = {
			isa = PBXGroup;
			children = (
				B70EB63E2266EB8000AF52D6 /* hw2_horoscpope.app */,
				B70EB6522266EB8100AF52D6 /* hw2_horoscpopeTests.xctest */,
				B70EB65D2266EB8100AF52D6 /* hw2_horoscpopeUITests.xctest */,
			);
			name = Products;
			sourceTree = "<group>";
		};
		B70EB6402266EB8000AF52D6 /* hw2_horoscpope */ = {
			isa = PBXGroup;
			children = (
				B70EB6412266EB8000AF52D6 /* AppDelegate.swift */,
				B70EB6432266EB8000AF52D6 /* ViewController.swift */,
				B70EB6452266EB8000AF52D6 /* Main.storyboard */,
				B70EB6482266EB8100AF52D6 /* Assets.xcassets */,
				B70EB64A2266EB8100AF52D6 /* LaunchScreen.storyboard */,
				B70EB64D2266EB8100AF52D6 /* Info.plist */,
			);
			path = hw2_horoscpope;
			sourceTree = "<group>";
		};
		B70EB6552266EB8100AF52D6 /* hw2_horoscpopeTests */ = {
			isa = PBXGroup;
			children = (
				B70EB6562266EB8100AF52D6 /* hw2_horoscpopeTests.swift */,
				B70EB6582266EB8100AF52D6 /* Info.plist */,
			);
			path = hw2_horoscpopeTests;
			sourceTree = "<group>";
		};
		B70EB6602266EB8100AF52D6 /* hw2_horoscpopeUITests */ = {
			isa = PBXGroup;
			children = (
				B70EB6612266EB8100AF52D6 /* hw2_horoscpopeUITests.swift */,
				B70EB6632266EB8100AF52D6 /* Info.plist */,
			);
			path = hw2_horoscpopeUITests;
			sourceTree = "<group>";
		};
/* End PBXGroup section */

/* Begin PBXNativeTarget section */
		B70EB63D2266EB8000AF52D6 /* hw2_horoscpope */ = {
			isa = PBXNativeTarget;
			buildConfigurationList = B70EB6662266EB8100AF52D6 /* Build configuration list for PBXNativeTarget "hw2_horoscpope" */;
			buildPhases = (
				B70EB63A2266EB8000AF52D6 /* Sources */,
				B70EB63B2266EB8000AF52D6 /* Frameworks */,
				B70EB63C2266EB8000AF52D6 /* Resources */,
			);
			buildRules = (
			);
			dependencies = (
			);
			name = hw2_horoscpope;
			productName = hw2_horoscpope;
			productReference = B70EB63E2266EB8000AF52D6 /* hw2_horoscpope.app */;
			productType = "com.apple.product-type.application";
		};
		B70EB6512266EB8100AF52D6 /* hw2_horoscpopeTests */ = {
			isa = PBXNativeTarget;
			buildConfigurationList = B70EB6692266EB8100AF52D6 /* Build configuration list for PBXNativeTarget "hw2_horoscpopeTests" */;
			buildPhases = (
				B70EB64E2266EB8100AF52D6 /* Sources */,
				B70EB64F2266EB8100AF52D6 /* Frameworks */,
				B70EB6502266EB8100AF52D6 /* Resources */,
			);
			buildRules = (
			);
			dependencies = (
				B70EB6542266EB8100AF52D6 /* PBXTargetDependency */,
			);
			name = hw2_horoscpopeTests;
			productName = hw2_horoscpopeTests;
			productReference = B70EB6522266EB8100AF52D6 /* hw2_horoscpopeTests.xctest */;
			productType = "com.apple.product-type.bundle.unit-test";
		};
		B70EB65C2266EB8100AF52D6 /* hw2_horoscpopeUITests */ = {
			isa = PBXNativeTarget;
			buildConfigurationList = B70EB66C2266EB8100AF52D6 /* Build configuration list for PBXNativeTarget "hw2_horoscpopeUITests" */;
			buildPhases = (
				B70EB6592266EB8100AF52D6 /* Sources */,
				B70EB65A2266EB8100AF52D6 /* Frameworks */,
				B70EB65B2266EB8100AF52D6 /* Resources */,
			);
			buildRules = (
			);
			dependencies = (
				B70EB65F2266EB8100AF52D6 /* PBXTargetDependency */,
			);
			name = hw2_horoscpopeUITests;
			productName = hw2_horoscpopeUITests;
			productReference = B70EB65D2266EB8100AF52D6 /* hw2_horoscpopeUITests.xctest */;
			productType = "com.apple.product-type.bundle.ui-testing";
		};
/* End PBXNativeTarget section */

/* Begin PBXProject section */
		B70EB6362266EB8000AF52D6 /* Project object */ = {
			isa = PBXProject;
			attributes = {
				LastSwiftUpdateCheck = 1010;
				LastUpgradeCheck = 1010;
				ORGANIZATIONNAME = vv;
				TargetAttributes = {
					B70EB63D2266EB8000AF52D6 = {
						CreatedOnToolsVersion = 10.1;
					};
					B70EB6512266EB8100AF52D6 = {
						CreatedOnToolsVersion = 10.1;
						TestTargetID = B70EB63D2266EB8000AF52D6;
					};
					B70EB65C2266EB8100AF52D6 = {
						CreatedOnToolsVersion = 10.1;
						TestTargetID = B70EB63D2266EB8000AF52D6;
					};
				};
			};
			buildConfigurationList = B70EB6392266EB8000AF52D6 /* Build configuration list for PBXProject "hw2_horoscpope" */;
			compatibilityVersion = "Xcode 9.3";
			developmentRegion = en;
			hasScannedForEncodings = 0;
			knownRegions = (
				en,
				Base,
			);
			mainGroup = B70EB6352266EB8000AF52D6;
			productRefGroup = B70EB63F2266EB8000AF52D6 /* Products */;
			projectDirPath = "";
			projectRoot = "";
			targets = (
				B70EB63D2266EB8000AF52D6 /* hw2_horoscpope */,
				B70EB6512266EB8100AF52D6 /* hw2_horoscpopeTests */,
				B70EB65C2266EB8100AF52D6 /* hw2_horoscpopeUITests */,
			);
		};
/* End PBXProject section */

/* Begin PBXResourcesBuildPhase section */
		B70EB63C2266EB8000AF52D6 /* Resources */ = {
			isa = PBXResourcesBuildPhase;
			buildActionMask = 2147483647;
			files = (
				B70EB64C2266EB8100AF52D6 /* LaunchScreen.storyboard in Resources */,
				B70EB6492266EB8100AF52D6 /* Assets.xcassets in Resources */,
				B70EB6472266EB8000AF52D6 /* Main.storyboard in Resources */,
			);
			runOnlyForDeploymentPostprocessing = 0;
		};
		B70EB6502266EB8100AF52D6 /* Resources */ = {
			isa = PBXResourcesBuildPhase;
			buildActionMask = 2147483647;
			files = (
			);
			runOnlyForDeploymentPostprocessing = 0;
		};
		B70EB65B2266EB8100AF52D6 /* Resources */ = {
			isa = PBXResourcesBuildPhase;
			buildActionMask = 2147483647;
			files = (
			);
			runOnlyForDeploymentPostprocessing = 0;
		};
/* End PBXResourcesBuildPhase section */

/* Begin PBXSourcesBuildPhase section */
		B70EB63A2266EB8000AF52D6 /* Sources */ = {
			isa = PBXSourcesBuildPhase;
			buildActionMask = 2147483647;
			files = (
				B70EB6442266EB8000AF52D6 /* ViewController.swift in Sources */,
				B70EB6422266EB8000AF52D6 /* AppDelegate.swift in Sources */,
			);
			runOnlyForDeploymentPostprocessing = 0;
		};
		B70EB64E2266EB8100AF52D6 /* Sources */ = {
			isa = PBXSourcesBuildPhase;
			buildActionMask = 2147483647;
			files = (
				B70EB6572266EB8100AF52D6 /* hw2_horoscpopeTests.swift in Sources */,
			);
			runOnlyForDeploymentPostprocessing = 0;
		};
		B70EB6592266EB8100AF52D6 /* Sources */ = {
			isa = PBXSourcesBuildPhase;
			buildActionMask = 2147483647;
			files = (
				B70EB6622266EB8100AF52D6 /* hw2_horoscpopeUITests.swift in Sources */,
			);
			runOnlyForDeploymentPostprocessing = 0;
		};
/* End PBXSourcesBuildPhase section */

/* Begin PBXTargetDependency section */
		B70EB6542266EB8100AF52D6 /* PBXTargetDependency */ = {
			isa = PBXTargetDependency;
			target = B70EB63D2266EB8000AF52D6 /* hw2_horoscpope */;
			targetProxy = B70EB6532266EB8100AF52D6 /* PBXContainerItemProxy */;
		};
		B70EB65F2266EB8100AF52D6 /* PBXTargetDependency */ = {
			isa = PBXTargetDependency;
			target = B70EB63D2266EB8000AF52D6 /* hw2_horoscpope */;
			targetProxy = B70EB65E2266EB8100AF52D6 /* PBXContainerItemProxy */;
		};
/* End PBXTargetDependency section */

/* Begin PBXVariantGroup section */
		B70EB6452266EB8000AF52D6 /* Main.storyboard */ = {
			isa = PBXVariantGroup;
			children = (
				B70EB6462266EB8000AF52D6 /* Base */,
			);
			name = Main.storyboard;
			sourceTree = "<group>";
		};
		B70EB64A2266EB8100AF52D6 /* LaunchScreen.storyboard */ = {
			isa = PBXVariantGroup;
			children = (
				B70EB64B2266EB8100AF52D6 /* Base */,
			);
			name = LaunchScreen.storyboard;
			sourceTree = "<group>";
		};
/* End PBXVariantGroup section */

/* Begin XCBuildConfiguration section */
		B70EB6642266EB8100AF52D6 /* Debug */ = {
			isa = XCBuildConfiguration;
			buildSettings = {
				ALWAYS_SEARCH_USER_PATHS = NO;
				CLANG_ANALYZER_NONNULL = YES;
				CLANG_ANALYZER_NUMBER_OBJECT_CONVERSION = YES_AGGRESSIVE;
				CLANG_CXX_LANGUAGE_STANDARD = "gnu++14";
				CLANG_CXX_LIBRARY = "libc++";
				CLANG_ENABLE_MODULES = YES;
				CLANG_ENABLE_OBJC_ARC = YES;
				CLANG_ENABLE_OBJC_WEAK = YES;
				CLANG_WARN_BLOCK_CAPTURE_AUTORELEASING = YES;
				CLANG_WARN_BOOL_CONVERSION = YES;
				CLANG_WARN_COMMA = YES;
				CLANG_WARN_CONSTANT_CONVERSION = YES;
				CLANG_WARN_DEPRECATED_OBJC_IMPLEMENTATIONS = YES;
				CLANG_WARN_DIRECT_OBJC_ISA_USAGE = YES_ERROR;
				CLANG_WARN_DOCUMENTATION_COMMENTS = YES;
				CLANG_WARN_EMPTY_BODY = YES;
				CLANG_WARN_ENUM_CONVERSION = YES;
				CLANG_WARN_INFINITE_RECURSION = YES;
				CLANG_WARN_INT_CONVERSION = YES;
				CLANG_WARN_NON_LITERAL_NULL_CONVERSION = YES;
				CLANG_WARN_OBJC_IMPLICIT_RETAIN_SELF = YES;
				CLANG_WARN_OBJC_LITERAL_CONVERSION = YES;
				CLANG_WARN_OBJC_ROOT_CLASS = YES_ERROR;
				CLANG_WARN_RANGE_LOOP_ANALYSIS = YES;
				CLANG_WARN_STRICT_PROTOTYPES = YES;
				CLANG_WARN_SUSPICIOUS_MOVE = YES;
				CLANG_WARN_UNGUARDED_AVAILABILITY = YES_AGGRESSIVE;
				CLANG_WARN_UNREACHABLE_CODE = YES;
				CLANG_WARN__DUPLICATE_METHOD_MATCH = YES;
				CODE_SIGN_IDENTITY = "iPhone Developer";
				COPY_PHASE_STRIP = NO;
				DEBUG_INFORMATION_FORMAT = dwarf;
				ENABLE_STRICT_OBJC_MSGSEND = YES;
				ENABLE_TESTABILITY = YES;
				GCC_C_LANGUAGE_STANDARD = gnu11;
				GCC_DYNAMIC_NO_PIC = NO;
				GCC_NO_COMMON_BLOCKS = YES;
				GCC_OPTIMIZATION_LEVEL = 0;
				GCC_PREPROCESSOR_DEFINITIONS = (
					"DEBUG=1",
					"$(inherited)",
				);
				GCC_WARN_64_TO_32_BIT_CONVERSION = YES;
				GCC_WARN_ABOUT_RETURN_TYPE = YES_ERROR;
				GCC_WARN_UNDECLARED_SELECTOR = YES;
				GCC_WARN_UNINITIALIZED_AUTOS = YES_AGGRESSIVE;
				GCC_WARN_UNUSED_FUNCTION = YES;
				GCC_WARN_UNUSED_VARIABLE = YES;
				IPHONEOS_DEPLOYMENT_TARGET = 12.1;
				MTL_ENABLE_DEBUG_INFO = INCLUDE_SOURCE;
				MTL_FAST_MATH = YES;
				ONLY_ACTIVE_ARCH = YES;
				SDKROOT = iphoneos;
				SWIFT_ACTIVE_COMPILATION_CONDITIONS = DEBUG;
				SWIFT_OPTIMIZATION_LEVEL = "-Onone";
			};
			name = Debug;
		};
		B70EB6652266EB8100AF52D6 /* Release */ = {
			isa = XCBuildConfiguration;
			buildSettings = {
				ALWAYS_SEARCH_USER_PATHS = NO;
				CLANG_ANALYZER_NONNULL = YES;
				CLANG_ANALYZER_NUMBER_OBJECT_CONVERSION = YES_AGGRESSIVE;
				CLANG_CXX_LANGUAGE_STANDARD = "gnu++14";
				CLANG_CXX_LIBRARY = "libc++";
				CLANG_ENABLE_MODULES = YES;
				CLANG_ENABLE_OBJC_ARC = YES;
				CLANG_ENABLE_OBJC_WEAK = YES;
				CLANG_WARN_BLOCK_CAPTURE_AUTORELEASING = YES;
				CLANG_WARN_BOOL_CONVERSION = YES;
				CLANG_WARN_COMMA = YES;
				CLANG_WARN_CONSTANT_CONVERSION = YES;
				CLANG_WARN_DEPRECATED_OBJC_IMPLEMENTATIONS = YES;
				CLANG_WARN_DIRECT_OBJC_ISA_USAGE = YES_ERROR;
				CLANG_WARN_DOCUMENTATION_COMMENTS = YES;
				CLANG_WARN_EMPTY_BODY = YES;
				CLANG_WARN_ENUM_CONVERSION = YES;
				CLANG_WARN_INFINITE_RECURSION = YES;
				CLANG_WARN_INT_CONVERSION = YES;
				CLANG_WARN_NON_LITERAL_NULL_CONVERSION = YES;
				CLANG_WARN_OBJC_IMPLICIT_RETAIN_SELF = YES;
				CLANG_WARN_OBJC_LITERAL_CONVERSION = YES;
				CLANG_WARN_OBJC_ROOT_CLASS = YES_ERROR;
				CLANG_WARN_RANGE_LOOP_ANALYSIS = YES;
				CLANG_WARN_STRICT_PROTOTYPES = YES;
				CLANG_WARN_SUSPICIOUS_MOVE = YES;
				CLANG_WARN_UNGUARDED_AVAILABILITY = YES_AGGRESSIVE;
				CLANG_WARN_UNREACHABLE_CODE = YES;
				CLANG_WARN__DUPLICATE_METHOD_MATCH = YES;
				CODE_SIGN_IDENTITY = "iPhone Developer";
				COPY_PHASE_STRIP = NO;
				DEBUG_INFORMATION_FORMAT = "dwarf-with-dsym";
				ENABLE_NS_ASSERTIONS = NO;
				ENABLE_STRICT_OBJC_MSGSEND = YES;
				GCC_C_LANGUAGE_STANDARD = gnu11;
				GCC_NO_COMMON_BLOCKS = YES;
				GCC_WARN_64_TO_32_BIT_CONVERSION = YES;
				GCC_WARN_ABOUT_RETURN_TYPE = YES_ERROR;
				GCC_WARN_UNDECLARED_SELECTOR = YES;
				GCC_WARN_UNINITIALIZED_AUTOS = YES_AGGRESSIVE;
				GCC_WARN_UNUSED_FUNCTION = YES;
				GCC_WARN_UNUSED_VARIABLE = YES;
				IPHONEOS_DEPLOYMENT_TARGET = 12.1;
				MTL_ENABLE_DEBUG_INFO = NO;
				MTL_FAST_MATH = YES;
				SDKROOT = iphoneos;
				SWIFT_COMPILATION_MODE = wholemodule;
				SWIFT_OPTIMIZATION_LEVEL = "-O";
				VALIDATE_PRODUCT = YES;
			};
			name = Release;
		};
		B70EB6672266EB8100AF52D6 /* Debug */ = {
			isa = XCBuildConfiguration;
			buildSettings = {
				ASSETCATALOG_COMPILER_APPICON_NAME = AppIcon;
				CODE_SIGN_STYLE = Automatic;
				INFOPLIST_FILE = hw2_horoscpope/Info.plist;
				LD_RUNPATH_SEARCH_PATHS = (
					"$(inherited)",
					"@executable_path/Frameworks",
				);
				PRODUCT_BUNDLE_IDENTIFIER = "vv.hw2-horoscpope";
				PRODUCT_NAME = "$(TARGET_NAME)";
				SWIFT_VERSION = 4.2;
				TARGETED_DEVICE_FAMILY = "1,2";
			};
			name = Debug;
		};
		B70EB6682266EB8100AF52D6 /* Release */ = {
			isa = XCBuildConfiguration;
			buildSettings = {
				ASSETCATALOG_COMPILER_APPICON_NAME = AppIcon;
				CODE_SIGN_STYLE = Automatic;
				INFOPLIST_FILE = hw2_horoscpope/Info.plist;
				LD_RUNPATH_SEARCH_PATHS = (
					"$(inherited)",
					"@executable_path/Frameworks",
				);
				PRODUCT_BUNDLE_IDENTIFIER = "vv.hw2-horoscpope";
				PRODUCT_NAME = "$(TARGET_NAME)";
				SWIFT_VERSION = 4.2;
				TARGETED_DEVICE_FAMILY = "1,2";
			};
			name = Release;
		};
		B70EB66A2266EB8100AF52D6 /* Debug */ = {
			isa = XCBuildConfiguration;
			buildSettings = {
				ALWAYS_EMBED_SWIFT_STANDARD_LIBRARIES = YES;
				BUNDLE_LOADER = "$(TEST_HOST)";
				CODE_SIGN_STYLE = Automatic;
				INFOPLIST_FILE = hw2_horoscpopeTests/Info.plist;
				LD_RUNPATH_SEARCH_PATHS = (
					"$(inherited)",
					"@executable_path/Frameworks",
					"@loader_path/Frameworks",
				);
				PRODUCT_BUNDLE_IDENTIFIER = "vv.hw2-horoscpopeTests";
				PRODUCT_NAME = "$(TARGET_NAME)";
				SWIFT_VERSION = 4.2;
				TARGETED_DEVICE_FAMILY = "1,2";
				TEST_HOST = "$(BUILT_PRODUCTS_DIR)/hw2_horoscpope.app/hw2_horoscpope";
			};
			name = Debug;
		};
		B70EB66B2266EB8100AF52D6 /* Release */ = {
			isa = XCBuildConfiguration;
			buildSettings = {
				ALWAYS_EMBED_SWIFT_STANDARD_LIBRARIES = YES;
				BUNDLE_LOADER = "$(TEST_HOST)";
				CODE_SIGN_STYLE = Automatic;
				INFOPLIST_FILE = hw2_horoscpopeTests/Info.plist;
				LD_RUNPATH_SEARCH_PATHS = (
					"$(inherited)",
					"@executable_path/Frameworks",
					"@loader_path/Frameworks",
				);
				PRODUCT_BUNDLE_IDENTIFIER = "vv.hw2-horoscpopeTests";
				PRODUCT_NAME = "$(TARGET_NAME)";
				SWIFT_VERSION = 4.2;
				TARGETED_DEVICE_FAMILY = "1,2";
				TEST_HOST = "$(BUILT_PRODUCTS_DIR)/hw2_horoscpope.app/hw2_horoscpope";
			};
			name = Release;
		};
		B70EB66D2266EB8100AF52D6 /* Debug */ = {
			isa = XCBuildConfiguration;
			buildSettings = {
				ALWAYS_EMBED_SWIFT_STANDARD_LIBRARIES = YES;
				CODE_SIGN_STYLE = Automatic;
				INFOPLIST_FILE = hw2_horoscpopeUITests/Info.plist;
				LD_RUNPATH_SEARCH_PATHS = (
					"$(inherited)",
					"@executable_path/Frameworks",
					"@loader_path/Frameworks",
				);
				PRODUCT_BUNDLE_IDENTIFIER = "vv.hw2-horoscpopeUITests";
				PRODUCT_NAME = "$(TARGET_NAME)";
				SWIFT_VERSION = 4.2;
				TARGETED_DEVICE_FAMILY = "1,2";
				TEST_TARGET_NAME = hw2_horoscpope;
			};
			name = Debug;
		};
		B70EB66E2266EB8100AF52D6 /* Release */ = {
			isa = XCBuildConfiguration;
			buildSettings = {
				ALWAYS_EMBED_SWIFT_STANDARD_LIBRARIES = YES;
				CODE_SIGN_STYLE = Automatic;
				INFOPLIST_FILE = hw2_horoscpopeUITests/Info.plist;
				LD_RUNPATH_SEARCH_PATHS = (
					"$(inherited)",
					"@executable_path/Frameworks",
					"@loader_path/Frameworks",
				);
				PRODUCT_BUNDLE_IDENTIFIER = "vv.hw2-horoscpopeUITests";
				PRODUCT_NAME = "$(TARGET_NAME)";
				SWIFT_VERSION = 4.2;
				TARGETED_DEVICE_FAMILY = "1,2";
				TEST_TARGET_NAME = hw2_horoscpope;
			};
			name = Release;
		};
/* End XCBuildConfiguration section */

/* Begin XCConfigurationList section */
		B70EB6392266EB8000AF52D6 /* Build configuration list for PBXProject "hw2_horoscpope" */ = {
			isa = XCConfigurationList;
			buildConfigurations = (
				B70EB6642266EB8100AF52D6 /* Debug */,
				B70EB6652266EB8100AF52D6 /* Release */,
			);
			defaultConfigurationIsVisible = 0;
			defaultConfigurationName = Release;
		};
		B70EB6662266EB8100AF52D6 /* Build configuration list for PBXNativeTarget "hw2_horoscpope" */ = {
			isa = XCConfigurationList;
			buildConfigurations = (
				B70EB6672266EB8100AF52D6 /* Debug */,
				B70EB6682266EB8100AF52D6 /* Release */,
			);
			defaultConfigurationIsVisible = 0;
			defaultConfigurationName = Release;
		};
		B70EB6692266EB8100AF52D6 /* Build configuration list for PBXNativeTarget "hw2_horoscpopeTests" */ = {
			isa = XCConfigurationList;
			buildConfigurations = (
				B70EB66A2266EB8100AF52D6 /* Debug */,
				B70EB66B2266EB8100AF52D6 /* Release */,
			);
			defaultConfigurationIsVisible = 0;
			defaultConfigurationName = Release;
		};
		B70EB66C2266EB8100AF52D6 /* Build configuration list for PBXNativeTarget "hw2_horoscpopeUITests" */ = {
			isa = XCConfigurationList;
			buildConfigurations = (
				B70EB66D2266EB8100AF52D6 /* Debug */,
				B70EB66E2266EB8100AF52D6 /* Release */,
			);
			defaultConfigurationIsVisible = 0;
			defaultConfigurationName = Release;
		};
/* End XCConfigurationList section */
	};
	rootObject = B70EB6362266EB8000AF52D6 /* Project object */;
}
